
Microsoft Visual Studio Solution File, Format Version 12.00
# Visual Studio Version 17
VisualStudioVersion = 17.5.33414.496
MinimumVisualStudioVersion = 10.0.40219.1
Project("{FAE04EC0-301F-11D3-BF4B-00C04F79EFBC}") = "BackEnd-Clinica", "BackEnd-Clinica\BackEnd-Clinica.csproj", "{908C1703-D898-40EE-A296-28A2E35EC480}"
EndProject
Global
	GlobalSection(SolutionConfigurationPlatforms) = preSolution
		Debug|Any CPU = Debug|Any CPU
		Release|Any CPU = Release|Any CPU
	EndGlobalSection
	GlobalSection(ProjectConfigurationPlatforms) = postSolution
		{908C1703-D898-40EE-A296-28A2E35EC480}.Debug|Any CPU.ActiveCfg = Debug|Any CPU
		{908C1703-D898-40EE-A296-28A2E35EC480}.Debug|Any CPU.Build.0 = Debug|Any CPU
		{908C1703-D898-40EE-A296-28A2E35EC480}.Release|Any CPU.ActiveCfg = Release|Any CPU
		{908C1703-D898-40EE-A296-28A2E35EC480}.Release|Any CPU.Build.0 = Release|Any CPU
	EndGlobalSection
	GlobalSection(SolutionProperties) = preSolution
		HideSolutionNode = FALSE
	EndGlobalSection
	GlobalSection(ExtensibilityGlobals) = postSolution
		SolutionGuid = {EFFCD0A9-C052-41DD-A9AA-5F1304D2245F}
	EndGlobalSection
EndGlobal
